// !$*UTF8*$!
{
	archiveVersion = 1;
	classes = {
	};
	objectVersion = 48;
	objects = {

/* Begin PBXBuildFile section */
		81ED455920AEBCB2001F30C0 /* CTLoginViewController.m in Sources */ = {isa = PBXBuildFile; fileRef = 81ED455820AEBCB2001F30C0 /* CTLoginViewController.m */; };
		D15D104FA6CFEC9223CCEC38 /* libPods-ContractQuery.a in Frameworks */ = {isa = PBXBuildFile; fileRef = 41C1FF23999426F99D4AB589 /* libPods-ContractQuery.a */; };
		E21F3EDF20AE81AD00F8C27E /* AppDelegate.m in Sources */ = {isa = PBXBuildFile; fileRef = E21F3EDE20AE81AD00F8C27E /* AppDelegate.m */; };
		E21F3EE220AE81AD00F8C27E /* ViewController.m in Sources */ = {isa = PBXBuildFile; fileRef = E21F3EE120AE81AD00F8C27E /* ViewController.m */; };
		E21F3EE520AE81AD00F8C27E /* Main.storyboard in Resources */ = {isa = PBXBuildFile; fileRef = E21F3EE320AE81AD00F8C27E /* Main.storyboard */; };
		E21F3EE720AE81AD00F8C27E /* Assets.xcassets in Resources */ = {isa = PBXBuildFile; fileRef = E21F3EE620AE81AD00F8C27E /* Assets.xcassets */; };
		E21F3EEA20AE81AD00F8C27E /* LaunchScreen.storyboard in Resources */ = {isa = PBXBuildFile; fileRef = E21F3EE820AE81AD00F8C27E /* LaunchScreen.storyboard */; };
		E21F3EED20AE81AD00F8C27E /* main.m in Sources */ = {isa = PBXBuildFile; fileRef = E21F3EEC20AE81AD00F8C27E /* main.m */; };
		E21F3EF720AE81AD00F8C27E /* ContractQueryTests.m in Sources */ = {isa = PBXBuildFile; fileRef = E21F3EF620AE81AD00F8C27E /* ContractQueryTests.m */; };
		E21F3F0220AE81AD00F8C27E /* ContractQueryUITests.m in Sources */ = {isa = PBXBuildFile; fileRef = E21F3F0120AE81AD00F8C27E /* ContractQueryUITests.m */; };
		E21F3F1620AE827700F8C27E /* DigApiRequestManager.m in Sources */ = {isa = PBXBuildFile; fileRef = E21F3F1120AE827700F8C27E /* DigApiRequestManager.m */; };
		E21F3F1720AE827700F8C27E /* MCNetWorkRequestManager.m in Sources */ = {isa = PBXBuildFile; fileRef = E21F3F1320AE827700F8C27E /* MCNetWorkRequestManager.m */; };
		E21F3F1B20AE98F100F8C27E /* CTBaseViewController.m in Sources */ = {isa = PBXBuildFile; fileRef = E21F3F1A20AE98F000F8C27E /* CTBaseViewController.m */; };
		E21F3F1F20AE993300F8C27E /* CTStateListViewController.m in Sources */ = {isa = PBXBuildFile; fileRef = E21F3F1E20AE993300F8C27E /* CTStateListViewController.m */; };
		E21F3F2220AE9C0000F8C27E /* CTBaseViewModel.m in Sources */ = {isa = PBXBuildFile; fileRef = E21F3F2120AE9C0000F8C27E /* CTBaseViewModel.m */; };
		E21F3F2520AE9C3400F8C27E /* CTStateListViewModel.m in Sources */ = {isa = PBXBuildFile; fileRef = E21F3F2420AE9C3400F8C27E /* CTStateListViewModel.m */; };
		E21F3F2C20AE9F1000F8C27E /* CTStateListBaseClass.m in Sources */ = {isa = PBXBuildFile; fileRef = E21F3F2820AE9F0F00F8C27E /* CTStateListBaseClass.m */; };
		E21F3F2D20AE9F1000F8C27E /* CTStateListData.m in Sources */ = {isa = PBXBuildFile; fileRef = E21F3F2920AE9F0F00F8C27E /* CTStateListData.m */; };
		E21F3F3120AEA17E00F8C27E /* CTStateListCell.m in Sources */ = {isa = PBXBuildFile; fileRef = E21F3F3020AEA17E00F8C27E /* CTStateListCell.m */; };
		E21F3F3620AEB06100F8C27E /* CTScanResultViewController.m in Sources */ = {isa = PBXBuildFile; fileRef = E21F3F3520AEB06100F8C27E /* CTScanResultViewController.m */; };
		E21F3F3C20AEB49F00F8C27E /* CTScanResultModel.m in Sources */ = {isa = PBXBuildFile; fileRef = E21F3F3B20AEB49F00F8C27E /* CTScanResultModel.m */; };
		E21F3F4120AEB5EE00F8C27E /* CTScanResultBaseClass.m in Sources */ = {isa = PBXBuildFile; fileRef = E21F3F3E20AEB5EE00F8C27E /* CTScanResultBaseClass.m */; };
		E21F3F4220AEB5EE00F8C27E /* CTScanResultData.m in Sources */ = {isa = PBXBuildFile; fileRef = E21F3F4020AEB5EE00F8C27E /* CTScanResultData.m */; };
/* End PBXBuildFile section */

/* Begin PBXContainerItemProxy section */
		E21F3EF320AE81AD00F8C27E /* PBXContainerItemProxy */ = {
			isa = PBXContainerItemProxy;
			containerPortal = E21F3ED220AE81AC00F8C27E /* Project object */;
			proxyType = 1;
			remoteGlobalIDString = E21F3ED920AE81AC00F8C27E;
			remoteInfo = ContractQuery;
		};
		E21F3EFE20AE81AD00F8C27E /* PBXContainerItemProxy */ = {
			isa = PBXContainerItemProxy;
			containerPortal = E21F3ED220AE81AC00F8C27E /* Project object */;
			proxyType = 1;
			remoteGlobalIDString = E21F3ED920AE81AC00F8C27E;
			remoteInfo = ContractQuery;
		};
/* End PBXContainerItemProxy section */

/* Begin PBXFileReference section */
		41C1FF23999426F99D4AB589 /* libPods-ContractQuery.a */ = {isa = PBXFileReference; explicitFileType = archive.ar; includeInIndex = 0; path = "libPods-ContractQuery.a"; sourceTree = BUILT_PRODUCTS_DIR; };
		7EDDBAEB65BCA214B4285B9A /* Pods-ContractQuery.release.xcconfig */ = {isa = PBXFileReference; includeInIndex = 1; lastKnownFileType = text.xcconfig; name = "Pods-ContractQuery.release.xcconfig"; path = "Pods/Target Support Files/Pods-ContractQuery/Pods-ContractQuery.release.xcconfig"; sourceTree = "<group>"; };
		81ED455720AEBCB2001F30C0 /* CTLoginViewController.h */ = {isa = PBXFileReference; lastKnownFileType = sourcecode.c.h; path = CTLoginViewController.h; sourceTree = "<group>"; };
		81ED455820AEBCB2001F30C0 /* CTLoginViewController.m */ = {isa = PBXFileReference; lastKnownFileType = sourcecode.c.objc; path = CTLoginViewController.m; sourceTree = "<group>"; };
		E21F3EDA20AE81AC00F8C27E /* ContractQuery.app */ = {isa = PBXFileReference; explicitFileType = wrapper.application; includeInIndex = 0; path = ContractQuery.app; sourceTree = BUILT_PRODUCTS_DIR; };
		E21F3EDD20AE81AC00F8C27E /* AppDelegate.h */ = {isa = PBXFileReference; lastKnownFileType = sourcecode.c.h; path = AppDelegate.h; sourceTree = "<group>"; };
		E21F3EDE20AE81AD00F8C27E /* AppDelegate.m */ = {isa = PBXFileReference; lastKnownFileType = sourcecode.c.objc; path = AppDelegate.m; sourceTree = "<group>"; };
		E21F3EE020AE81AD00F8C27E /* ViewController.h */ = {isa = PBXFileReference; lastKnownFileType = sourcecode.c.h; path = ViewController.h; sourceTree = "<group>"; };
		E21F3EE120AE81AD00F8C27E /* ViewController.m */ = {isa = PBXFileReference; lastKnownFileType = sourcecode.c.objc; path = ViewController.m; sourceTree = "<group>"; };
		E21F3EE420AE81AD00F8C27E /* Base */ = {isa = PBXFileReference; lastKnownFileType = file.storyboard; name = Base; path = Base.lproj/Main.storyboard; sourceTree = "<group>"; };
		E21F3EE620AE81AD00F8C27E /* Assets.xcassets */ = {isa = PBXFileReference; lastKnownFileType = folder.assetcatalog; path = Assets.xcassets; sourceTree = "<group>"; };
		E21F3EE920AE81AD00F8C27E /* Base */ = {isa = PBXFileReference; lastKnownFileType = file.storyboard; name = Base; path = Base.lproj/LaunchScreen.storyboard; sourceTree = "<group>"; };
		E21F3EEB20AE81AD00F8C27E /* Info.plist */ = {isa = PBXFileReference; lastKnownFileType = text.plist.xml; path = Info.plist; sourceTree = "<group>"; };
		E21F3EEC20AE81AD00F8C27E /* main.m */ = {isa = PBXFileReference; lastKnownFileType = sourcecode.c.objc; path = main.m; sourceTree = "<group>"; };
		E21F3EF220AE81AD00F8C27E /* ContractQueryTests.xctest */ = {isa = PBXFileReference; explicitFileType = wrapper.cfbundle; includeInIndex = 0; path = ContractQueryTests.xctest; sourceTree = BUILT_PRODUCTS_DIR; };
		E21F3EF620AE81AD00F8C27E /* ContractQueryTests.m */ = {isa = PBXFileReference; lastKnownFileType = sourcecode.c.objc; path = ContractQueryTests.m; sourceTree = "<group>"; };
		E21F3EF820AE81AD00F8C27E /* Info.plist */ = {isa = PBXFileReference; lastKnownFileType = text.plist.xml; path = Info.plist; sourceTree = "<group>"; };
		E21F3EFD20AE81AD00F8C27E /* ContractQueryUITests.xctest */ = {isa = PBXFileReference; explicitFileType = wrapper.cfbundle; includeInIndex = 0; path = ContractQueryUITests.xctest; sourceTree = BUILT_PRODUCTS_DIR; };
		E21F3F0120AE81AD00F8C27E /* ContractQueryUITests.m */ = {isa = PBXFileReference; lastKnownFileType = sourcecode.c.objc; path = ContractQueryUITests.m; sourceTree = "<group>"; };
		E21F3F0320AE81AD00F8C27E /* Info.plist */ = {isa = PBXFileReference; lastKnownFileType = text.plist.xml; path = Info.plist; sourceTree = "<group>"; };
		E21F3F1020AE827700F8C27E /* DigApiRequestManager.h */ = {isa = PBXFileReference; fileEncoding = 4; lastKnownFileType = sourcecode.c.h; path = DigApiRequestManager.h; sourceTree = "<group>"; };
		E21F3F1120AE827700F8C27E /* DigApiRequestManager.m */ = {isa = PBXFileReference; fileEncoding = 4; lastKnownFileType = sourcecode.c.objc; path = DigApiRequestManager.m; sourceTree = "<group>"; };
		E21F3F1320AE827700F8C27E /* MCNetWorkRequestManager.m */ = {isa = PBXFileReference; fileEncoding = 4; lastKnownFileType = sourcecode.c.objc; path = MCNetWorkRequestManager.m; sourceTree = "<group>"; };
		E21F3F1420AE827700F8C27E /* NetWorkDefine.h */ = {isa = PBXFileReference; fileEncoding = 4; lastKnownFileType = sourcecode.c.h; path = NetWorkDefine.h; sourceTree = "<group>"; };
		E21F3F1520AE827700F8C27E /* MCNetWorkRequestManager.h */ = {isa = PBXFileReference; fileEncoding = 4; lastKnownFileType = sourcecode.c.h; path = MCNetWorkRequestManager.h; sourceTree = "<group>"; };
		E21F3F1920AE98F000F8C27E /* CTBaseViewController.h */ = {isa = PBXFileReference; lastKnownFileType = sourcecode.c.h; path = CTBaseViewController.h; sourceTree = "<group>"; };
		E21F3F1A20AE98F000F8C27E /* CTBaseViewController.m */ = {isa = PBXFileReference; lastKnownFileType = sourcecode.c.objc; path = CTBaseViewController.m; sourceTree = "<group>"; };
		E21F3F1D20AE993300F8C27E /* CTStateListViewController.h */ = {isa = PBXFileReference; lastKnownFileType = sourcecode.c.h; path = CTStateListViewController.h; sourceTree = "<group>"; };
		E21F3F1E20AE993300F8C27E /* CTStateListViewController.m */ = {isa = PBXFileReference; lastKnownFileType = sourcecode.c.objc; path = CTStateListViewController.m; sourceTree = "<group>"; };
		E21F3F2020AE9C0000F8C27E /* CTBaseViewModel.h */ = {isa = PBXFileReference; lastKnownFileType = sourcecode.c.h; path = CTBaseViewModel.h; sourceTree = "<group>"; };
		E21F3F2120AE9C0000F8C27E /* CTBaseViewModel.m */ = {isa = PBXFileReference; lastKnownFileType = sourcecode.c.objc; path = CTBaseViewModel.m; sourceTree = "<group>"; };
		E21F3F2320AE9C3400F8C27E /* CTStateListViewModel.h */ = {isa = PBXFileReference; lastKnownFileType = sourcecode.c.h; path = CTStateListViewModel.h; sourceTree = "<group>"; };
		E21F3F2420AE9C3400F8C27E /* CTStateListViewModel.m */ = {isa = PBXFileReference; lastKnownFileType = sourcecode.c.objc; path = CTStateListViewModel.m; sourceTree = "<group>"; };
		E21F3F2620AE9C4F00F8C27E /* MCPrefixHeader.pch */ = {isa = PBXFileReference; fileEncoding = 4; lastKnownFileType = sourcecode.c.h; path = MCPrefixHeader.pch; sourceTree = SOURCE_ROOT; };
		E21F3F2820AE9F0F00F8C27E /* CTStateListBaseClass.m */ = {isa = PBXFileReference; fileEncoding = 4; lastKnownFileType = sourcecode.c.objc; path = CTStateListBaseClass.m; sourceTree = "<group>"; };
		E21F3F2920AE9F0F00F8C27E /* CTStateListData.m */ = {isa = PBXFileReference; fileEncoding = 4; lastKnownFileType = sourcecode.c.objc; path = CTStateListData.m; sourceTree = "<group>"; };
		E21F3F2A20AE9F0F00F8C27E /* CTStateListBaseClass.h */ = {isa = PBXFileReference; fileEncoding = 4; lastKnownFileType = sourcecode.c.h; path = CTStateListBaseClass.h; sourceTree = "<group>"; };
		E21F3F2B20AE9F1000F8C27E /* CTStateListData.h */ = {isa = PBXFileReference; fileEncoding = 4; lastKnownFileType = sourcecode.c.h; path = CTStateListData.h; sourceTree = "<group>"; };
		E21F3F2E20AE9F2400F8C27E /* DataModels.h */ = {isa = PBXFileReference; fileEncoding = 4; lastKnownFileType = sourcecode.c.h; path = DataModels.h; sourceTree = "<group>"; };
		E21F3F2F20AEA17E00F8C27E /* CTStateListCell.h */ = {isa = PBXFileReference; lastKnownFileType = sourcecode.c.h; path = CTStateListCell.h; sourceTree = "<group>"; };
		E21F3F3020AEA17E00F8C27E /* CTStateListCell.m */ = {isa = PBXFileReference; lastKnownFileType = sourcecode.c.objc; path = CTStateListCell.m; sourceTree = "<group>"; };
		E21F3F3420AEB06100F8C27E /* CTScanResultViewController.h */ = {isa = PBXFileReference; lastKnownFileType = sourcecode.c.h; path = CTScanResultViewController.h; sourceTree = "<group>"; };
		E21F3F3520AEB06100F8C27E /* CTScanResultViewController.m */ = {isa = PBXFileReference; lastKnownFileType = sourcecode.c.objc; path = CTScanResultViewController.m; sourceTree = "<group>"; };
		E21F3F3A20AEB49F00F8C27E /* CTScanResultModel.h */ = {isa = PBXFileReference; lastKnownFileType = sourcecode.c.h; path = CTScanResultModel.h; sourceTree = "<group>"; };
		E21F3F3B20AEB49F00F8C27E /* CTScanResultModel.m */ = {isa = PBXFileReference; lastKnownFileType = sourcecode.c.objc; path = CTScanResultModel.m; sourceTree = "<group>"; };
		E21F3F3D20AEB5ED00F8C27E /* CTScanResultBaseClass.h */ = {isa = PBXFileReference; fileEncoding = 4; lastKnownFileType = sourcecode.c.h; path = CTScanResultBaseClass.h; sourceTree = "<group>"; };
		E21F3F3E20AEB5EE00F8C27E /* CTScanResultBaseClass.m */ = {isa = PBXFileReference; fileEncoding = 4; lastKnownFileType = sourcecode.c.objc; path = CTScanResultBaseClass.m; sourceTree = "<group>"; };
		E21F3F3F20AEB5EE00F8C27E /* CTScanResultData.h */ = {isa = PBXFileReference; fileEncoding = 4; lastKnownFileType = sourcecode.c.h; path = CTScanResultData.h; sourceTree = "<group>"; };
		E21F3F4020AEB5EE00F8C27E /* CTScanResultData.m */ = {isa = PBXFileReference; fileEncoding = 4; lastKnownFileType = sourcecode.c.objc; path = CTScanResultData.m; sourceTree = "<group>"; };
		E5589E92D84DCA2CCBD44734 /* Pods-ContractQuery.debug.xcconfig */ = {isa = PBXFileReference; includeInIndex = 1; lastKnownFileType = text.xcconfig; name = "Pods-ContractQuery.debug.xcconfig"; path = "Pods/Target Support Files/Pods-ContractQuery/Pods-ContractQuery.debug.xcconfig"; sourceTree = "<group>"; };
/* End PBXFileReference section */

/* Begin PBXFrameworksBuildPhase section */
		E21F3ED720AE81AC00F8C27E /* Frameworks */ = {
			isa = PBXFrameworksBuildPhase;
			buildActionMask = 2147483647;
			files = (
				D15D104FA6CFEC9223CCEC38 /* libPods-ContractQuery.a in Frameworks */,
			);
			runOnlyForDeploymentPostprocessing = 0;
		};
		E21F3EEF20AE81AD00F8C27E /* Frameworks */ = {
			isa = PBXFrameworksBuildPhase;
			buildActionMask = 2147483647;
			files = (
			);
			runOnlyForDeploymentPostprocessing = 0;
		};
		E21F3EFA20AE81AD00F8C27E /* Frameworks */ = {
			isa = PBXFrameworksBuildPhase;
			buildActionMask = 2147483647;
			files = (
			);
			runOnlyForDeploymentPostprocessing = 0;
		};
/* End PBXFrameworksBuildPhase section */

/* Begin PBXGroup section */
		73BFA80BD48B340FA650048A /* Pods */ = {
			isa = PBXGroup;
			children = (
				E5589E92D84DCA2CCBD44734 /* Pods-ContractQuery.debug.xcconfig */,
				7EDDBAEB65BCA214B4285B9A /* Pods-ContractQuery.release.xcconfig */,
			);
			name = Pods;
			sourceTree = "<group>";
		};
		81ED455620AEBB74001F30C0 /* Login */ = {
			isa = PBXGroup;
			children = (
				81ED455720AEBCB2001F30C0 /* CTLoginViewController.h */,
				81ED455820AEBCB2001F30C0 /* CTLoginViewController.m */,
			);
			path = Login;
			sourceTree = "<group>";
		};
		9A3F8132D8889CB10A75D93A /* Frameworks */ = {
			isa = PBXGroup;
			children = (
				41C1FF23999426F99D4AB589 /* libPods-ContractQuery.a */,
			);
			name = Frameworks;
			sourceTree = "<group>";
		};
		E21F3ED120AE81AC00F8C27E = {
			isa = PBXGroup;
			children = (
				E21F3EDC20AE81AC00F8C27E /* ContractQuery */,
				E21F3EF520AE81AD00F8C27E /* ContractQueryTests */,
				E21F3F0020AE81AD00F8C27E /* ContractQueryUITests */,
				E21F3EDB20AE81AC00F8C27E /* Products */,
				73BFA80BD48B340FA650048A /* Pods */,
				9A3F8132D8889CB10A75D93A /* Frameworks */,
			);
			sourceTree = "<group>";
		};
		E21F3EDB20AE81AC00F8C27E /* Products */ = {
			isa = PBXGroup;
			children = (
				E21F3EDA20AE81AC00F8C27E /* ContractQuery.app */,
				E21F3EF220AE81AD00F8C27E /* ContractQueryTests.xctest */,
				E21F3EFD20AE81AD00F8C27E /* ContractQueryUITests.xctest */,
			);
			name = Products;
			sourceTree = "<group>";
		};
		E21F3EDC20AE81AC00F8C27E /* ContractQuery */ = {
			isa = PBXGroup;
			children = (
				E21F3F2720AE9EFF00F8C27E /* Model */,
				E21F3F1C20AE98F700F8C27E /* Section */,
				E21F3F1820AE98CF00F8C27E /* BaseViewController */,
				E21F3F0F20AE827700F8C27E /* APINetWorkManager */,
				E21F3F1220AE827700F8C27E /* NetWorkRequestManager */,
				E21F3EDD20AE81AC00F8C27E /* AppDelegate.h */,
				E21F3EDE20AE81AD00F8C27E /* AppDelegate.m */,
				E21F3EE020AE81AD00F8C27E /* ViewController.h */,
				E21F3EE120AE81AD00F8C27E /* ViewController.m */,
				E21F3EE320AE81AD00F8C27E /* Main.storyboard */,
				E21F3EE620AE81AD00F8C27E /* Assets.xcassets */,
				E21F3EE820AE81AD00F8C27E /* LaunchScreen.storyboard */,
				E21F3EEB20AE81AD00F8C27E /* Info.plist */,
				E21F3EEC20AE81AD00F8C27E /* main.m */,
				E21F3F2620AE9C4F00F8C27E /* MCPrefixHeader.pch */,
			);
			path = ContractQuery;
			sourceTree = "<group>";
		};
		E21F3EF520AE81AD00F8C27E /* ContractQueryTests */ = {
			isa = PBXGroup;
			children = (
				E21F3EF620AE81AD00F8C27E /* ContractQueryTests.m */,
				E21F3EF820AE81AD00F8C27E /* Info.plist */,
			);
			path = ContractQueryTests;
			sourceTree = "<group>";
		};
		E21F3F0020AE81AD00F8C27E /* ContractQueryUITests */ = {
			isa = PBXGroup;
			children = (
				E21F3F0120AE81AD00F8C27E /* ContractQueryUITests.m */,
				E21F3F0320AE81AD00F8C27E /* Info.plist */,
			);
			path = ContractQueryUITests;
			sourceTree = "<group>";
		};
		E21F3F0F20AE827700F8C27E /* APINetWorkManager */ = {
			isa = PBXGroup;
			children = (
				E21F3F1020AE827700F8C27E /* DigApiRequestManager.h */,
				E21F3F1120AE827700F8C27E /* DigApiRequestManager.m */,
			);
			path = APINetWorkManager;
			sourceTree = "<group>";
		};
		E21F3F1220AE827700F8C27E /* NetWorkRequestManager */ = {
			isa = PBXGroup;
			children = (
				E21F3F1420AE827700F8C27E /* NetWorkDefine.h */,
				E21F3F1520AE827700F8C27E /* MCNetWorkRequestManager.h */,
				E21F3F1320AE827700F8C27E /* MCNetWorkRequestManager.m */,
			);
			path = NetWorkRequestManager;
			sourceTree = "<group>";
		};
		E21F3F1820AE98CF00F8C27E /* BaseViewController */ = {
			isa = PBXGroup;
			children = (
				E21F3F1920AE98F000F8C27E /* CTBaseViewController.h */,
				E21F3F1A20AE98F000F8C27E /* CTBaseViewController.m */,
				E21F3F2020AE9C0000F8C27E /* CTBaseViewModel.h */,
				E21F3F2120AE9C0000F8C27E /* CTBaseViewModel.m */,
			);
			path = BaseViewController;
			sourceTree = "<group>";
		};
		E21F3F1C20AE98F700F8C27E /* Section */ = {
			isa = PBXGroup;
			children = (
				81ED455620AEBB74001F30C0 /* Login */,
				E21F3F1D20AE993300F8C27E /* CTStateListViewController.h */,
				E21F3F1E20AE993300F8C27E /* CTStateListViewController.m */,
				E21F3F2320AE9C3400F8C27E /* CTStateListViewModel.h */,
				E21F3F2420AE9C3400F8C27E /* CTStateListViewModel.m */,
				E21F3F2F20AEA17E00F8C27E /* CTStateListCell.h */,
				E21F3F3020AEA17E00F8C27E /* CTStateListCell.m */,
				E21F3F3320AEAFFC00F8C27E /* ScanResult */,
				E21F3F3220AEAFD100F8C27E /* StateList */,
			);
			path = Section;
			sourceTree = "<group>";
		};
		E21F3F2720AE9EFF00F8C27E /* Model */ = {
			isa = PBXGroup;
			children = (
				E21F3F2E20AE9F2400F8C27E /* DataModels.h */,
				E21F3F2A20AE9F0F00F8C27E /* CTStateListBaseClass.h */,
				E21F3F2820AE9F0F00F8C27E /* CTStateListBaseClass.m */,
				E21F3F2B20AE9F1000F8C27E /* CTStateListData.h */,
				E21F3F2920AE9F0F00F8C27E /* CTStateListData.m */,
				E21F3F3D20AEB5ED00F8C27E /* CTScanResultBaseClass.h */,
				E21F3F3E20AEB5EE00F8C27E /* CTScanResultBaseClass.m */,
				E21F3F3F20AEB5EE00F8C27E /* CTScanResultData.h */,
				E21F3F4020AEB5EE00F8C27E /* CTScanResultData.m */,
			);
			path = Model;
			sourceTree = "<group>";
		};
		E21F3F3220AEAFD100F8C27E /* StateList */ = {
			isa = PBXGroup;
			children = (
				E21F3F1D20AE993300F8C27E /* CTStateListViewController.h */,
				E21F3F1E20AE993300F8C27E /* CTStateListViewController.m */,
				E21F3F2320AE9C3400F8C27E /* CTStateListViewModel.h */,
				E21F3F2420AE9C3400F8C27E /* CTStateListViewModel.m */,
				E21F3F2F20AEA17E00F8C27E /* CTStateListCell.h */,
				E21F3F3020AEA17E00F8C27E /* CTStateListCell.m */,
			);
			path = StateList;
			sourceTree = "<group>";
		};
		E21F3F3320AEAFFC00F8C27E /* ScanResult */ = {
			isa = PBXGroup;
			children = (
				E21F3F3420AEB06100F8C27E /* CTScanResultViewController.h */,
				E21F3F3520AEB06100F8C27E /* CTScanResultViewController.m */,
				E21F3F3A20AEB49F00F8C27E /* CTScanResultModel.h */,
				E21F3F3B20AEB49F00F8C27E /* CTScanResultModel.m */,
			);
			path = ScanResult;
			sourceTree = "<group>";
		};
/* End PBXGroup section */

/* Begin PBXNativeTarget section */
		E21F3ED920AE81AC00F8C27E /* ContractQuery */ = {
			isa = PBXNativeTarget;
			buildConfigurationList = E21F3F0620AE81AD00F8C27E /* Build configuration list for PBXNativeTarget "ContractQuery" */;
			buildPhases = (
				C3888B94E3B50B1EE9C9E6E8 /* [CP] Check Pods Manifest.lock */,
				E21F3ED620AE81AC00F8C27E /* Sources */,
				E21F3ED720AE81AC00F8C27E /* Frameworks */,
				E21F3ED820AE81AC00F8C27E /* Resources */,
				82B82C66DA6DD484A1B76BCC /* [CP] Embed Pods Frameworks */,
				52679ED37DEFB15989680456 /* [CP] Copy Pods Resources */,
			);
			buildRules = (
			);
			dependencies = (
			);
			name = ContractQuery;
			productName = ContractQuery;
			productReference = E21F3EDA20AE81AC00F8C27E /* ContractQuery.app */;
			productType = "com.apple.product-type.application";
		};
		E21F3EF120AE81AD00F8C27E /* ContractQueryTests */ = {
			isa = PBXNativeTarget;
			buildConfigurationList = E21F3F0920AE81AD00F8C27E /* Build configuration list for PBXNativeTarget "ContractQueryTests" */;
			buildPhases = (
				E21F3EEE20AE81AD00F8C27E /* Sources */,
				E21F3EEF20AE81AD00F8C27E /* Frameworks */,
				E21F3EF020AE81AD00F8C27E /* Resources */,
			);
			buildRules = (
			);
			dependencies = (
				E21F3EF420AE81AD00F8C27E /* PBXTargetDependency */,
			);
			name = ContractQueryTests;
			productName = ContractQueryTests;
			productReference = E21F3EF220AE81AD00F8C27E /* ContractQueryTests.xctest */;
			productType = "com.apple.product-type.bundle.unit-test";
		};
		E21F3EFC20AE81AD00F8C27E /* ContractQueryUITests */ = {
			isa = PBXNativeTarget;
			buildConfigurationList = E21F3F0C20AE81AD00F8C27E /* Build configuration list for PBXNativeTarget "ContractQueryUITests" */;
			buildPhases = (
				E21F3EF920AE81AD00F8C27E /* Sources */,
				E21F3EFA20AE81AD00F8C27E /* Frameworks */,
				E21F3EFB20AE81AD00F8C27E /* Resources */,
			);
			buildRules = (
			);
			dependencies = (
				E21F3EFF20AE81AD00F8C27E /* PBXTargetDependency */,
			);
			name = ContractQueryUITests;
			productName = ContractQueryUITests;
			productReference = E21F3EFD20AE81AD00F8C27E /* ContractQueryUITests.xctest */;
			productType = "com.apple.product-type.bundle.ui-testing";
		};
/* End PBXNativeTarget section */

/* Begin PBXProject section */
		E21F3ED220AE81AC00F8C27E /* Project object */ = {
			isa = PBXProject;
			attributes = {
				LastUpgradeCheck = 0920;
				ORGANIZATIONNAME = Test;
				TargetAttributes = {
					E21F3ED920AE81AC00F8C27E = {
						CreatedOnToolsVersion = 9.2;
						ProvisioningStyle = Automatic;
					};
					E21F3EF120AE81AD00F8C27E = {
						CreatedOnToolsVersion = 9.2;
						ProvisioningStyle = Automatic;
						TestTargetID = E21F3ED920AE81AC00F8C27E;
					};
					E21F3EFC20AE81AD00F8C27E = {
						CreatedOnToolsVersion = 9.2;
						ProvisioningStyle = Automatic;
						TestTargetID = E21F3ED920AE81AC00F8C27E;
					};
				};
			};
			buildConfigurationList = E21F3ED520AE81AC00F8C27E /* Build configuration list for PBXProject "ContractQuery" */;
			compatibilityVersion = "Xcode 8.0";
			developmentRegion = en;
			hasScannedForEncodings = 0;
			knownRegions = (
				en,
				Base,
			);
			mainGroup = E21F3ED120AE81AC00F8C27E;
			productRefGroup = E21F3EDB20AE81AC00F8C27E /* Products */;
			projectDirPath = "";
			projectRoot = "";
			targets = (
				E21F3ED920AE81AC00F8C27E /* ContractQuery */,
				E21F3EF120AE81AD00F8C27E /* ContractQueryTests */,
				E21F3EFC20AE81AD00F8C27E /* ContractQueryUITests */,
			);
		};
/* End PBXProject section */

/* Begin PBXResourcesBuildPhase section */
		E21F3ED820AE81AC00F8C27E /* Resources */ = {
			isa = PBXResourcesBuildPhase;
			buildActionMask = 2147483647;
			files = (
				E21F3EEA20AE81AD00F8C27E /* LaunchScreen.storyboard in Resources */,
				E21F3EE720AE81AD00F8C27E /* Assets.xcassets in Resources */,
				E21F3EE520AE81AD00F8C27E /* Main.storyboard in Resources */,
			);
			runOnlyForDeploymentPostprocessing = 0;
		};
		E21F3EF020AE81AD00F8C27E /* Resources */ = {
			isa = PBXResourcesBuildPhase;
			buildActionMask = 2147483647;
			files = (
			);
			runOnlyForDeploymentPostprocessing = 0;
		};
		E21F3EFB20AE81AD00F8C27E /* Resources */ = {
			isa = PBXResourcesBuildPhase;
			buildActionMask = 2147483647;
			files = (
			);
			runOnlyForDeploymentPostprocessing = 0;
		};
/* End PBXResourcesBuildPhase section */

/* Begin PBXShellScriptBuildPhase section */
		52679ED37DEFB15989680456 /* [CP] Copy Pods Resources */ = {
			isa = PBXShellScriptBuildPhase;
			buildActionMask = 2147483647;
			files = (
			);
			inputPaths = (
				"${SRCROOT}/Pods/Target Support Files/Pods-ContractQuery/Pods-ContractQuery-resources.sh",
				"${PODS_ROOT}/SVProgressHUD/SVProgressHUD/SVProgressHUD.bundle",
			);
			name = "[CP] Copy Pods Resources";
			outputPaths = (
				"${TARGET_BUILD_DIR}/${UNLOCALIZED_RESOURCES_FOLDER_PATH}",
			);
			runOnlyForDeploymentPostprocessing = 0;
			shellPath = /bin/sh;
			shellScript = "\"${SRCROOT}/Pods/Target Support Files/Pods-ContractQuery/Pods-ContractQuery-resources.sh\"\n";
			showEnvVarsInLog = 0;
		};
		82B82C66DA6DD484A1B76BCC /* [CP] Embed Pods Frameworks */ = {
			isa = PBXShellScriptBuildPhase;
			buildActionMask = 2147483647;
			files = (
			);
			inputPaths = (
			);
			name = "[CP] Embed Pods Frameworks";
			outputPaths = (
			);
			runOnlyForDeploymentPostprocessing = 0;
			shellPath = /bin/sh;
			shellScript = "\"${SRCROOT}/Pods/Target Support Files/Pods-ContractQuery/Pods-ContractQuery-frameworks.sh\"\n";
			showEnvVarsInLog = 0;
		};
		C3888B94E3B50B1EE9C9E6E8 /* [CP] Check Pods Manifest.lock */ = {
			isa = PBXShellScriptBuildPhase;
			buildActionMask = 2147483647;
			files = (
			);
			inputPaths = (
				"${PODS_PODFILE_DIR_PATH}/Podfile.lock",
				"${PODS_ROOT}/Manifest.lock",
			);
			name = "[CP] Check Pods Manifest.lock";
			outputPaths = (
				"$(DERIVED_FILE_DIR)/Pods-ContractQuery-checkManifestLockResult.txt",
			);
			runOnlyForDeploymentPostprocessing = 0;
			shellPath = /bin/sh;
			shellScript = "diff \"${PODS_PODFILE_DIR_PATH}/Podfile.lock\" \"${PODS_ROOT}/Manifest.lock\" > /dev/null\nif [ $? != 0 ] ; then\n    # print error to STDERR\n    echo \"error: The sandbox is not in sync with the Podfile.lock. Run 'pod install' or update your CocoaPods installation.\" >&2\n    exit 1\nfi\n# This output is used by Xcode 'outputs' to avoid re-running this script phase.\necho \"SUCCESS\" > \"${SCRIPT_OUTPUT_FILE_0}\"\n";
			showEnvVarsInLog = 0;
		};
/* End PBXShellScriptBuildPhase section */

/* Begin PBXSourcesBuildPhase section */
		E21F3ED620AE81AC00F8C27E /* Sources */ = {
			isa = PBXSourcesBuildPhase;
			buildActionMask = 2147483647;
			files = (
				E21F3F1B20AE98F100F8C27E /* CTBaseViewController.m in Sources */,
				81ED455920AEBCB2001F30C0 /* CTLoginViewController.m in Sources */,
				E21F3F1720AE827700F8C27E /* MCNetWorkRequestManager.m in Sources */,
				E21F3F2C20AE9F1000F8C27E /* CTStateListBaseClass.m in Sources */,
				E21F3F3620AEB06100F8C27E /* CTScanResultViewController.m in Sources */,
				E21F3F2220AE9C0000F8C27E /* CTBaseViewModel.m in Sources */,
				E21F3F2D20AE9F1000F8C27E /* CTStateListData.m in Sources */,
				E21F3EE220AE81AD00F8C27E /* ViewController.m in Sources */,
				E21F3F2520AE9C3400F8C27E /* CTStateListViewModel.m in Sources */,
				E21F3F1F20AE993300F8C27E /* CTStateListViewController.m in Sources */,
				E21F3F3120AEA17E00F8C27E /* CTStateListCell.m in Sources */,
				E21F3EED20AE81AD00F8C27E /* main.m in Sources */,
				E21F3F4220AEB5EE00F8C27E /* CTScanResultData.m in Sources */,
				E21F3F3C20AEB49F00F8C27E /* CTScanResultModel.m in Sources */,
				E21F3EDF20AE81AD00F8C27E /* AppDelegate.m in Sources */,
				E21F3F4120AEB5EE00F8C27E /* CTScanResultBaseClass.m in Sources */,
				E21F3F1620AE827700F8C27E /* DigApiRequestManager.m in Sources */,
			);
			runOnlyForDeploymentPostprocessing = 0;
		};
		E21F3EEE20AE81AD00F8C27E /* Sources */ = {
			isa = PBXSourcesBuildPhase;
			buildActionMask = 2147483647;
			files = (
				E21F3EF720AE81AD00F8C27E /* ContractQueryTests.m in Sources */,
			);
			runOnlyForDeploymentPostprocessing = 0;
		};
		E21F3EF920AE81AD00F8C27E /* Sources */ = {
			isa = PBXSourcesBuildPhase;
			buildActionMask = 2147483647;
			files = (
				E21F3F0220AE81AD00F8C27E /* ContractQueryUITests.m in Sources */,
			);
			runOnlyForDeploymentPostprocessing = 0;
		};
/* End PBXSourcesBuildPhase section */

/* Begin PBXTargetDependency section */
		E21F3EF420AE81AD00F8C27E /* PBXTargetDependency */ = {
			isa = PBXTargetDependency;
			target = E21F3ED920AE81AC00F8C27E /* ContractQuery */;
			targetProxy = E21F3EF320AE81AD00F8C27E /* PBXContainerItemProxy */;
		};
		E21F3EFF20AE81AD00F8C27E /* PBXTargetDependency */ = {
			isa = PBXTargetDependency;
			target = E21F3ED920AE81AC00F8C27E /* ContractQuery */;
			targetProxy = E21F3EFE20AE81AD00F8C27E /* PBXContainerItemProxy */;
		};
/* End PBXTargetDependency section */

/* Begin PBXVariantGroup section */
		E21F3EE320AE81AD00F8C27E /* Main.storyboard */ = {
			isa = PBXVariantGroup;
			children = (
				E21F3EE420AE81AD00F8C27E /* Base */,
			);
			name = Main.storyboard;
			sourceTree = "<group>";
		};
		E21F3EE820AE81AD00F8C27E /* LaunchScreen.storyboard */ = {
			isa = PBXVariantGroup;
			children = (
				E21F3EE920AE81AD00F8C27E /* Base */,
			);
			name = LaunchScreen.storyboard;
			sourceTree = "<group>";
		};
/* End PBXVariantGroup section */

/* Begin XCBuildConfiguration section */
		E21F3F0420AE81AD00F8C27E /* Debug */ = {
			isa = XCBuildConfiguration;
			buildSettings = {
				ALWAYS_SEARCH_USER_PATHS = NO;
				CLANG_ANALYZER_NONNULL = YES;
				CLANG_ANALYZER_NUMBER_OBJECT_CONVERSION = YES_AGGRESSIVE;
				CLANG_CXX_LANGUAGE_STANDARD = "gnu++14";
				CLANG_CXX_LIBRARY = "libc++";
				CLANG_ENABLE_MODULES = YES;
				CLANG_ENABLE_OBJC_ARC = YES;
				CLANG_WARN_BLOCK_CAPTURE_AUTORELEASING = YES;
				CLANG_WARN_BOOL_CONVERSION = YES;
				CLANG_WARN_COMMA = YES;
				CLANG_WARN_CONSTANT_CONVERSION = YES;
				CLANG_WARN_DIRECT_OBJC_ISA_USAGE = YES_ERROR;
				CLANG_WARN_DOCUMENTATION_COMMENTS = YES;
				CLANG_WARN_EMPTY_BODY = YES;
				CLANG_WARN_ENUM_CONVERSION = YES;
				CLANG_WARN_INFINITE_RECURSION = YES;
				CLANG_WARN_INT_CONVERSION = YES;
				CLANG_WARN_NON_LITERAL_NULL_CONVERSION = YES;
				CLANG_WARN_OBJC_LITERAL_CONVERSION = YES;
				CLANG_WARN_OBJC_ROOT_CLASS = YES_ERROR;
				CLANG_WARN_RANGE_LOOP_ANALYSIS = YES;
				CLANG_WARN_STRICT_PROTOTYPES = YES;
				CLANG_WARN_SUSPICIOUS_MOVE = YES;
				CLANG_WARN_UNGUARDED_AVAILABILITY = YES_AGGRESSIVE;
				CLANG_WARN_UNREACHABLE_CODE = YES;
				CLANG_WARN__DUPLICATE_METHOD_MATCH = YES;
				CODE_SIGN_IDENTITY = "iPhone Developer";
				COPY_PHASE_STRIP = NO;
				DEBUG_INFORMATION_FORMAT = dwarf;
				ENABLE_STRICT_OBJC_MSGSEND = YES;
				ENABLE_TESTABILITY = YES;
				GCC_C_LANGUAGE_STANDARD = gnu11;
				GCC_DYNAMIC_NO_PIC = NO;
				GCC_NO_COMMON_BLOCKS = YES;
				GCC_OPTIMIZATION_LEVEL = 0;
				GCC_PREPROCESSOR_DEFINITIONS = (
					"DEBUG=1",
					"$(inherited)",
				);
				GCC_WARN_64_TO_32_BIT_CONVERSION = YES;
				GCC_WARN_ABOUT_RETURN_TYPE = YES_ERROR;
				GCC_WARN_UNDECLARED_SELECTOR = YES;
				GCC_WARN_UNINITIALIZED_AUTOS = YES_AGGRESSIVE;
				GCC_WARN_UNUSED_FUNCTION = YES;
				GCC_WARN_UNUSED_VARIABLE = YES;
				IPHONEOS_DEPLOYMENT_TARGET = 11.2;
				MTL_ENABLE_DEBUG_INFO = YES;
				ONLY_ACTIVE_ARCH = YES;
				SDKROOT = iphoneos;
			};
			name = Debug;
		};
		E21F3F0520AE81AD00F8C27E /* Release */ = {
			isa = XCBuildConfiguration;
			buildSettings = {
				ALWAYS_SEARCH_USER_PATHS = NO;
				CLANG_ANALYZER_NONNULL = YES;
				CLANG_ANALYZER_NUMBER_OBJECT_CONVERSION = YES_AGGRESSIVE;
				CLANG_CXX_LANGUAGE_STANDARD = "gnu++14";
				CLANG_CXX_LIBRARY = "libc++";
				CLANG_ENABLE_MODULES = YES;
				CLANG_ENABLE_OBJC_ARC = YES;
				CLANG_WARN_BLOCK_CAPTURE_AUTORELEASING = YES;
				CLANG_WARN_BOOL_CONVERSION = YES;
				CLANG_WARN_COMMA = YES;
				CLANG_WARN_CONSTANT_CONVERSION = YES;
				CLANG_WARN_DIRECT_OBJC_ISA_USAGE = YES_ERROR;
				CLANG_WARN_DOCUMENTATION_COMMENTS = YES;
				CLANG_WARN_EMPTY_BODY = YES;
				CLANG_WARN_ENUM_CONVERSION = YES;
				CLANG_WARN_INFINITE_RECURSION = YES;
				CLANG_WARN_INT_CONVERSION = YES;
				CLANG_WARN_NON_LITERAL_NULL_CONVERSION = YES;
				CLANG_WARN_OBJC_LITERAL_CONVERSION = YES;
				CLANG_WARN_OBJC_ROOT_CLASS = YES_ERROR;
				CLANG_WARN_RANGE_LOOP_ANALYSIS = YES;
				CLANG_WARN_STRICT_PROTOTYPES = YES;
				CLANG_WARN_SUSPICIOUS_MOVE = YES;
				CLANG_WARN_UNGUARDED_AVAILABILITY = YES_AGGRESSIVE;
				CLANG_WARN_UNREACHABLE_CODE = YES;
				CLANG_WARN__DUPLICATE_METHOD_MATCH = YES;
				CODE_SIGN_IDENTITY = "iPhone Developer";
				COPY_PHASE_STRIP = NO;
				DEBUG_INFORMATION_FORMAT = "dwarf-with-dsym";
				ENABLE_NS_ASSERTIONS = NO;
				ENABLE_STRICT_OBJC_MSGSEND = YES;
				GCC_C_LANGUAGE_STANDARD = gnu11;
				GCC_NO_COMMON_BLOCKS = YES;
				GCC_WARN_64_TO_32_BIT_CONVERSION = YES;
				GCC_WARN_ABOUT_RETURN_TYPE = YES_ERROR;
				GCC_WARN_UNDECLARED_SELECTOR = YES;
				GCC_WARN_UNINITIALIZED_AUTOS = YES_AGGRESSIVE;
				GCC_WARN_UNUSED_FUNCTION = YES;
				GCC_WARN_UNUSED_VARIABLE = YES;
				IPHONEOS_DEPLOYMENT_TARGET = 11.2;
				MTL_ENABLE_DEBUG_INFO = NO;
				SDKROOT = iphoneos;
				VALIDATE_PRODUCT = YES;
			};
			name = Release;
		};
		E21F3F0720AE81AD00F8C27E /* Debug */ = {
			isa = XCBuildConfiguration;
			baseConfigurationReference = E5589E92D84DCA2CCBD44734 /* Pods-ContractQuery.debug.xcconfig */;
			buildSettings = {
				ASSETCATALOG_COMPILER_APPICON_NAME = AppIcon;
				CODE_SIGN_STYLE = Automatic;
				DEVELOPMENT_TEAM = 83BXG3R3MZ;
				GCC_PREFIX_HEADER = "$(SRCROOT)/MCPrefixHeader.pch";
				INFOPLIST_FILE = ContractQuery/Info.plist;
				LD_RUNPATH_SEARCH_PATHS = "$(inherited) @executable_path/Frameworks";
				PRODUCT_BUNDLE_IDENTIFIER = bqjr.ContractQuery;
				PRODUCT_NAME = "$(TARGET_NAME)";
				TARGETED_DEVICE_FAMILY = "1,2";
			};
			name = Debug;
		};
		E21F3F0820AE81AD00F8C27E /* Release */ = {
			isa = XCBuildConfiguration;
			baseConfigurationReference = 7EDDBAEB65BCA214B4285B9A /* Pods-ContractQuery.release.xcconfig */;
			buildSettings = {
				ASSETCATALOG_COMPILER_APPICON_NAME = AppIcon;
				CODE_SIGN_STYLE = Automatic;
				DEVELOPMENT_TEAM = 83BXG3R3MZ;
				GCC_PREFIX_HEADER = "$(SRCROOT)/MCPrefixHeader.pch";
				INFOPLIST_FILE = ContractQuery/Info.plist;
				LD_RUNPATH_SEARCH_PATHS = "$(inherited) @executable_path/Frameworks";
				PRODUCT_BUNDLE_IDENTIFIER = bqjr.ContractQuery;
				PRODUCT_NAME = "$(TARGET_NAME)";
				TARGETED_DEVICE_FAMILY = "1,2";
			};
			name = Release;
		};
		E21F3F0A20AE81AD00F8C27E /* Debug */ = {
			isa = XCBuildConfiguration;
			buildSettings = {
				BUNDLE_LOADER = "$(TEST_HOST)";
				CODE_SIGN_STYLE = Automatic;
				DEVELOPMENT_TEAM = 83BXG3R3MZ;
				INFOPLIST_FILE = ContractQueryTests/Info.plist;
				LD_RUNPATH_SEARCH_PATHS = "$(inherited) @executable_path/Frameworks @loader_path/Frameworks";
				PRODUCT_BUNDLE_IDENTIFIER = bqjr.ContractQueryTests;
				PRODUCT_NAME = "$(TARGET_NAME)";
				TARGETED_DEVICE_FAMILY = "1,2";
				TEST_HOST = "$(BUILT_PRODUCTS_DIR)/ContractQuery.app/ContractQuery";
			};
			name = Debug;
		};
		E21F3F0B20AE81AD00F8C27E /* Release */ = {
			isa = XCBuildConfiguration;
			buildSettings = {
				BUNDLE_LOADER = "$(TEST_HOST)";
				CODE_SIGN_STYLE = Automatic;
				DEVELOPMENT_TEAM = 83BXG3R3MZ;
				INFOPLIST_FILE = ContractQueryTests/Info.plist;
				LD_RUNPATH_SEARCH_PATHS = "$(inherited) @executable_path/Frameworks @loader_path/Frameworks";
				PRODUCT_BUNDLE_IDENTIFIER = bqjr.ContractQueryTests;
				PRODUCT_NAME = "$(TARGET_NAME)";
				TARGETED_DEVICE_FAMILY = "1,2";
				TEST_HOST = "$(BUILT_PRODUCTS_DIR)/ContractQuery.app/ContractQuery";
			};
			name = Release;
		};
		E21F3F0D20AE81AD00F8C27E /* Debug */ = {
			isa = XCBuildConfiguration;
			buildSettings = {
				CODE_SIGN_STYLE = Automatic;
				DEVELOPMENT_TEAM = 83BXG3R3MZ;
				INFOPLIST_FILE = ContractQueryUITests/Info.plist;
				LD_RUNPATH_SEARCH_PATHS = "$(inherited) @executable_path/Frameworks @loader_path/Frameworks";
				PRODUCT_BUNDLE_IDENTIFIER = bqjr.ContractQueryUITests;
				PRODUCT_NAME = "$(TARGET_NAME)";
				TARGETED_DEVICE_FAMILY = "1,2";
				TEST_TARGET_NAME = ContractQuery;
			};
			name = Debug;
		};
		E21F3F0E20AE81AD00F8C27E /* Release */ = {
			isa = XCBuildConfiguration;
			buildSettings = {
				CODE_SIGN_STYLE = Automatic;
				DEVELOPMENT_TEAM = 83BXG3R3MZ;
				INFOPLIST_FILE = ContractQueryUITests/Info.plist;
				LD_RUNPATH_SEARCH_PATHS = "$(inherited) @executable_path/Frameworks @loader_path/Frameworks";
				PRODUCT_BUNDLE_IDENTIFIER = bqjr.ContractQueryUITests;
				PRODUCT_NAME = "$(TARGET_NAME)";
				TARGETED_DEVICE_FAMILY = "1,2";
				TEST_TARGET_NAME = ContractQuery;
			};
			name = Release;
		};
/* End XCBuildConfiguration section */

/* Begin XCConfigurationList section */
		E21F3ED520AE81AC00F8C27E /* Build configuration list for PBXProject "ContractQuery" */ = {
			isa = XCConfigurationList;
			buildConfigurations = (
				E21F3F0420AE81AD00F8C27E /* Debug */,
				E21F3F0520AE81AD00F8C27E /* Release */,
			);
			defaultConfigurationIsVisible = 0;
			defaultConfigurationName = Release;
		};
		E21F3F0620AE81AD00F8C27E /* Build configuration list for PBXNativeTarget "ContractQuery" */ = {
			isa = XCConfigurationList;
			buildConfigurations = (
				E21F3F0720AE81AD00F8C27E /* Debug */,
				E21F3F0820AE81AD00F8C27E /* Release */,
			);
			defaultConfigurationIsVisible = 0;
			defaultConfigurationName = Release;
		};
		E21F3F0920AE81AD00F8C27E /* Build configuration list for PBXNativeTarget "ContractQueryTests" */ = {
			isa = XCConfigurationList;
			buildConfigurations = (
				E21F3F0A20AE81AD00F8C27E /* Debug */,
				E21F3F0B20AE81AD00F8C27E /* Release */,
			);
			defaultConfigurationIsVisible = 0;
			defaultConfigurationName = Release;
		};
		E21F3F0C20AE81AD00F8C27E /* Build configuration list for PBXNativeTarget "ContractQueryUITests" */ = {
			isa = XCConfigurationList;
			buildConfigurations = (
				E21F3F0D20AE81AD00F8C27E /* Debug */,
				E21F3F0E20AE81AD00F8C27E /* Release */,
			);
			defaultConfigurationIsVisible = 0;
			defaultConfigurationName = Release;
		};
/* End XCConfigurationList section */
	};
	rootObject = E21F3ED220AE81AC00F8C27E /* Project object */;
}
